
Microsoft Visual Studio Solution File, Format Version 12.00
# Visual Studio Version 16
VisualStudioVersion = 16.0.31205.134
MinimumVisualStudioVersion = 10.0.40219.1
Project("{FAE04EC0-301F-11D3-BF4B-00C04F79EFBC}") = "Okulyonetim.App", "Okulyonetim.App\Okulyonetim.App.csproj", "{39E589B1-D0CD-4667-82DE-A2DA4D16B043}"
EndProject
Global
	GlobalSection(SolutionConfigurationPlatforms) = preSolution
		Debug|Any CPU = Debug|Any CPU
		Release|Any CPU = Release|Any CPU
	EndGlobalSection
	GlobalSection(ProjectConfigurationPlatforms) = postSolution
		{39E589B1-D0CD-4667-82DE-A2DA4D16B043}.Debug|Any CPU.ActiveCfg = Debug|Any CPU
		{39E589B1-D0CD-4667-82DE-A2DA4D16B043}.Debug|Any CPU.Build.0 = Debug|Any CPU
		{39E589B1-D0CD-4667-82DE-A2DA4D16B043}.Release|Any CPU.ActiveCfg = Release|Any CPU
		{39E589B1-D0CD-4667-82DE-A2DA4D16B043}.Release|Any CPU.Build.0 = Release|Any CPU
	EndGlobalSection
	GlobalSection(SolutionProperties) = preSolution
		HideSolutionNode = FALSE
	EndGlobalSection
	GlobalSection(ExtensibilityGlobals) = postSolution
		SolutionGuid = {0C922BB0-81A4-453E-9207-17CD1DD1EC52}
	EndGlobalSection
EndGlobal
